
Microsoft Visual Studio Solution File, Format Version 12.00
# Visual Studio 15
VisualStudioVersion = 15.0.28307.1000
MinimumVisualStudioVersion = 10.0.40219.1
Project("{FAE04EC0-301F-11D3-BF4B-00C04F79EFBC}") = "SistemaRecados", "SistemaRecados\SistemaRecados.csproj", "{09606235-EA09-47B3-9A0A-D800C73A7E9A}"
EndProject
Global
	GlobalSection(SolutionConfigurationPlatforms) = preSolution
		Debug|Any CPU = Debug|Any CPU
		Release|Any CPU = Release|Any CPU
	EndGlobalSection
	GlobalSection(ProjectConfigurationPlatforms) = postSolution
		{09606235-EA09-47B3-9A0A-D800C73A7E9A}.Debug|Any CPU.ActiveCfg = Debug|Any CPU
		{09606235-EA09-47B3-9A0A-D800C73A7E9A}.Debug|Any CPU.Build.0 = Debug|Any CPU
		{09606235-EA09-47B3-9A0A-D800C73A7E9A}.Release|Any CPU.ActiveCfg = Release|Any CPU
		{09606235-EA09-47B3-9A0A-D800C73A7E9A}.Release|Any CPU.Build.0 = Release|Any CPU
	EndGlobalSection
	GlobalSection(SolutionProperties) = preSolution
		HideSolutionNode = FALSE
	EndGlobalSection
	GlobalSection(ExtensibilityGlobals) = postSolution
		SolutionGuid = {30631ACC-E324-4118-B17B-963D2B4A353B}
	EndGlobalSection
EndGlobal
